
Microsoft Visual Studio Solution File, Format Version 12.00
Project("{FAE04EC0-301F-11D3-BF4B-00C04F79EFBC}") = "FivePD-StructureFireCallout", "FivePD-StructureFireCallout.csproj", "{1514E92A-615A-4811-86E6-BF3848EB2386}"
EndProject
Global
	GlobalSection(SolutionConfigurationPlatforms) = preSolution
		Debug|Any CPU = Debug|Any CPU
		Release|Any CPU = Release|Any CPU
	EndGlobalSection
	GlobalSection(ProjectConfigurationPlatforms) = postSolution
		{1514E92A-615A-4811-86E6-BF3848EB2386}.Debug|Any CPU.ActiveCfg = Debug|Any CPU
		{1514E92A-615A-4811-86E6-BF3848EB2386}.Debug|Any CPU.Build.0 = Debug|Any CPU
		{1514E92A-615A-4811-86E6-BF3848EB2386}.Release|Any CPU.ActiveCfg = Release|Any CPU
		{1514E92A-615A-4811-86E6-BF3848EB2386}.Release|Any CPU.Build.0 = Release|Any CPU
	EndGlobalSection
EndGlobal
